
Microsoft Visual Studio Solution File, Format Version 12.00
# Visual Studio 2012
Project("{FAE04EC0-301F-11D3-BF4B-00C04F79EFBC}") = "WebFormDemo", "WebFormDemo\WebFormDemo.csproj", "{88BBAB7A-B1FE-4BC6-BF5E-143C1D1C81C2}"
EndProject
Project("{FAE04EC0-301F-11D3-BF4B-00C04F79EFBC}") = "AuthenticationManagerLibrary", "..\..\Proje4\Proje4WebService\AuthenticationManagerLibrary\AuthenticationManagerLibrary.csproj", "{A975ED8A-66DC-43BC-ABD4-B743F588C5E8}"
EndProject
Project("{FAE04EC0-301F-11D3-BF4B-00C04F79EFBC}") = "PersonelManagerLibrary", "..\..\Proje2\WindowsFormsApplication1\PersonelManagerLibrary\PersonelManagerLibrary.csproj", "{455A185B-FF2C-4A25-80D5-E771A34B0D09}"
EndProject
Global
	GlobalSection(SolutionConfigurationPlatforms) = preSolution
		Debug|Any CPU = Debug|Any CPU
		Release|Any CPU = Release|Any CPU
	EndGlobalSection
	GlobalSection(ProjectConfigurationPlatforms) = postSolution
		{88BBAB7A-B1FE-4BC6-BF5E-143C1D1C81C2}.Debug|Any CPU.ActiveCfg = Debug|Any CPU
		{88BBAB7A-B1FE-4BC6-BF5E-143C1D1C81C2}.Debug|Any CPU.Build.0 = Debug|Any CPU
		{88BBAB7A-B1FE-4BC6-BF5E-143C1D1C81C2}.Release|Any CPU.ActiveCfg = Release|Any CPU
		{88BBAB7A-B1FE-4BC6-BF5E-143C1D1C81C2}.Release|Any CPU.Build.0 = Release|Any CPU
		{A975ED8A-66DC-43BC-ABD4-B743F588C5E8}.Debug|Any CPU.ActiveCfg = Debug|Any CPU
		{A975ED8A-66DC-43BC-ABD4-B743F588C5E8}.Debug|Any CPU.Build.0 = Debug|Any CPU
		{A975ED8A-66DC-43BC-ABD4-B743F588C5E8}.Release|Any CPU.ActiveCfg = Release|Any CPU
		{A975ED8A-66DC-43BC-ABD4-B743F588C5E8}.Release|Any CPU.Build.0 = Release|Any CPU
		{455A185B-FF2C-4A25-80D5-E771A34B0D09}.Debug|Any CPU.ActiveCfg = Debug|Any CPU
		{455A185B-FF2C-4A25-80D5-E771A34B0D09}.Debug|Any CPU.Build.0 = Debug|Any CPU
		{455A185B-FF2C-4A25-80D5-E771A34B0D09}.Release|Any CPU.ActiveCfg = Release|Any CPU
		{455A185B-FF2C-4A25-80D5-E771A34B0D09}.Release|Any CPU.Build.0 = Release|Any CPU
	EndGlobalSection
	GlobalSection(SolutionProperties) = preSolution
		HideSolutionNode = FALSE
	EndGlobalSection
EndGlobal
